
Microsoft Visual Studio Solution File, Format Version 12.00
# Visual Studio Version 17
VisualStudioVersion = 17.11.35312.102
MinimumVisualStudioVersion = 10.0.40219.1
Project("{FAE04EC0-301F-11D3-BF4B-00C04F79EFBC}") = "TicketSystem", "TicketSystem\TicketSystem.csproj", "{98B2DB1C-FBDB-4615-B557-84E6185A19C0}"
EndProject
Global
	GlobalSection(SolutionConfigurationPlatforms) = preSolution
		Debug|Any CPU = Debug|Any CPU
		Release|Any CPU = Release|Any CPU
	EndGlobalSection
	GlobalSection(ProjectConfigurationPlatforms) = postSolution
		{98B2DB1C-FBDB-4615-B557-84E6185A19C0}.Debug|Any CPU.ActiveCfg = Debug|Any CPU
		{98B2DB1C-FBDB-4615-B557-84E6185A19C0}.Debug|Any CPU.Build.0 = Debug|Any CPU
		{98B2DB1C-FBDB-4615-B557-84E6185A19C0}.Release|Any CPU.ActiveCfg = Release|Any CPU
		{98B2DB1C-FBDB-4615-B557-84E6185A19C0}.Release|Any CPU.Build.0 = Release|Any CPU
	EndGlobalSection
	GlobalSection(SolutionProperties) = preSolution
		HideSolutionNode = FALSE
	EndGlobalSection
	GlobalSection(ExtensibilityGlobals) = postSolution
		SolutionGuid = {9DD57953-5B45-45E7-862D-1604F8C60E0B}
	EndGlobalSection
EndGlobal
